// !$*UTF8*$!
{
	archiveVersion = 1;
	classes = {
	};
	objectVersion = 56;
	objects = {

/* Begin PBXBuildFile section */
		97462F8E2AA58F520075BA8E /* PersistentStorage.swift in Sources */ = {isa = PBXBuildFile; fileRef = 97462F8D2AA58F520075BA8E /* PersistentStorage.swift */; };
		97462F912AA60D1F0075BA8E /* CoreData.xcdatamodeld in Sources */ = {isa = PBXBuildFile; fileRef = 97462F8F2AA60D1F0075BA8E /* CoreData.xcdatamodeld */; };
		97462F932AA612500075BA8E /* KeychainHandler.swift in Sources */ = {isa = PBXBuildFile; fileRef = 97462F922AA612500075BA8E /* KeychainHandler.swift */; };
		97464E1F2AA4DD5800A247A9 /* AppDelegate.swift in Sources */ = {isa = PBXBuildFile; fileRef = 97464E1E2AA4DD5800A247A9 /* AppDelegate.swift */; };
		97464E212AA4DD5800A247A9 /* SceneDelegate.swift in Sources */ = {isa = PBXBuildFile; fileRef = 97464E202AA4DD5800A247A9 /* SceneDelegate.swift */; };
		97464E232AA4DD5800A247A9 /* LoginVC.swift in Sources */ = {isa = PBXBuildFile; fileRef = 97464E222AA4DD5800A247A9 /* LoginVC.swift */; };
		97464E262AA4DD5800A247A9 /* Main.storyboard in Resources */ = {isa = PBXBuildFile; fileRef = 97464E242AA4DD5800A247A9 /* Main.storyboard */; };
		97464E282AA4DD5900A247A9 /* Assets.xcassets in Resources */ = {isa = PBXBuildFile; fileRef = 97464E272AA4DD5900A247A9 /* Assets.xcassets */; };
		97464E2B2AA4DD5900A247A9 /* LaunchScreen.storyboard in Resources */ = {isa = PBXBuildFile; fileRef = 97464E292AA4DD5900A247A9 /* LaunchScreen.storyboard */; };
		97464E362AA4DD5900A247A9 /* iOSCoreData_Part1Tests.swift in Sources */ = {isa = PBXBuildFile; fileRef = 97464E352AA4DD5900A247A9 /* iOSCoreData_Part1Tests.swift */; };
		97464E402AA4DD5900A247A9 /* iOSCoreData_Part1UITests.swift in Sources */ = {isa = PBXBuildFile; fileRef = 97464E3F2AA4DD5900A247A9 /* iOSCoreData_Part1UITests.swift */; };
		97464E422AA4DD5900A247A9 /* iOSCoreData_Part1UITestsLaunchTests.swift in Sources */ = {isa = PBXBuildFile; fileRef = 97464E412AA4DD5900A247A9 /* iOSCoreData_Part1UITestsLaunchTests.swift */; };
		97464E542AA4DF5900A247A9 /* NavigationHandler.swift in Sources */ = {isa = PBXBuildFile; fileRef = 97464E532AA4DF5900A247A9 /* NavigationHandler.swift */; };
		97464E562AA4DF8300A247A9 /* Contants.swift in Sources */ = {isa = PBXBuildFile; fileRef = 97464E552AA4DF8300A247A9 /* Contants.swift */; };
		97464E582AA4DFD200A247A9 /* TabBarController.swift in Sources */ = {isa = PBXBuildFile; fileRef = 97464E572AA4DFD200A247A9 /* TabBarController.swift */; };
		97464E5A2AA4E0C000A247A9 /* Info in Resources */ = {isa = PBXBuildFile; fileRef = 97464E592AA4E0C000A247A9 /* Info */; };
		97464E5C2AA4E15900A247A9 /* BaseVC.swift in Sources */ = {isa = PBXBuildFile; fileRef = 97464E5B2AA4E15900A247A9 /* BaseVC.swift */; };
		97464E5E2AA4E21900A247A9 /* User.swift in Sources */ = {isa = PBXBuildFile; fileRef = 97464E5D2AA4E21900A247A9 /* User.swift */; };
		97464E602AA4E53D00A247A9 /* InboxVC.swift in Sources */ = {isa = PBXBuildFile; fileRef = 97464E5F2AA4E53D00A247A9 /* InboxVC.swift */; };
		97464E622AA4E59200A247A9 /* SentVC.swift in Sources */ = {isa = PBXBuildFile; fileRef = 97464E612AA4E59200A247A9 /* SentVC.swift */; };
		975D608D2AA6CFEB004F286A /* RegisterVC.swift in Sources */ = {isa = PBXBuildFile; fileRef = 975D608C2AA6CFEB004F286A /* RegisterVC.swift */; };
		975D608F2AA6D85B004F286A /* AppHandler.swift in Sources */ = {isa = PBXBuildFile; fileRef = 975D608E2AA6D85B004F286A /* AppHandler.swift */; };
		975D60912AA6DDBA004F286A /* SendEmailVC.swift in Sources */ = {isa = PBXBuildFile; fileRef = 975D60902AA6DDBA004F286A /* SendEmailVC.swift */; };
/* End PBXBuildFile section */

/* Begin PBXContainerItemProxy section */
		97464E322AA4DD5900A247A9 /* PBXContainerItemProxy */ = {
			isa = PBXContainerItemProxy;
			containerPortal = 97464E132AA4DD5800A247A9 /* Project object */;
			proxyType = 1;
			remoteGlobalIDString = 97464E1A2AA4DD5800A247A9;
			remoteInfo = "iOSCoreData-Part1";
		};
		97464E3C2AA4DD5900A247A9 /* PBXContainerItemProxy */ = {
			isa = PBXContainerItemProxy;
			containerPortal = 97464E132AA4DD5800A247A9 /* Project object */;
			proxyType = 1;
			remoteGlobalIDString = 97464E1A2AA4DD5800A247A9;
			remoteInfo = "iOSCoreData-Part1";
		};
/* End PBXContainerItemProxy section */

/* Begin PBXFileReference section */
		97462F8D2AA58F520075BA8E /* PersistentStorage.swift */ = {isa = PBXFileReference; lastKnownFileType = sourcecode.swift; path = PersistentStorage.swift; sourceTree = "<group>"; };
		97462F902AA60D1F0075BA8E /* CoreData.xcdatamodel */ = {isa = PBXFileReference; lastKnownFileType = wrapper.xcdatamodel; path = CoreData.xcdatamodel; sourceTree = "<group>"; };
		97462F922AA612500075BA8E /* KeychainHandler.swift */ = {isa = PBXFileReference; lastKnownFileType = sourcecode.swift; path = KeychainHandler.swift; sourceTree = "<group>"; };
		97464E1B2AA4DD5800A247A9 /* iOSCoreData-Part1.app */ = {isa = PBXFileReference; explicitFileType = wrapper.application; includeInIndex = 0; path = "iOSCoreData-Part1.app"; sourceTree = BUILT_PRODUCTS_DIR; };
		97464E1E2AA4DD5800A247A9 /* AppDelegate.swift */ = {isa = PBXFileReference; lastKnownFileType = sourcecode.swift; path = AppDelegate.swift; sourceTree = "<group>"; };
		97464E202AA4DD5800A247A9 /* SceneDelegate.swift */ = {isa = PBXFileReference; lastKnownFileType = sourcecode.swift; path = SceneDelegate.swift; sourceTree = "<group>"; };
		97464E222AA4DD5800A247A9 /* LoginVC.swift */ = {isa = PBXFileReference; lastKnownFileType = sourcecode.swift; path = LoginVC.swift; sourceTree = "<group>"; };
		97464E252AA4DD5800A247A9 /* Base */ = {isa = PBXFileReference; lastKnownFileType = file.storyboard; name = Base; path = Base.lproj/Main.storyboard; sourceTree = "<group>"; };
		97464E272AA4DD5900A247A9 /* Assets.xcassets */ = {isa = PBXFileReference; lastKnownFileType = folder.assetcatalog; path = Assets.xcassets; sourceTree = "<group>"; };
		97464E2A2AA4DD5900A247A9 /* Base */ = {isa = PBXFileReference; lastKnownFileType = file.storyboard; name = Base; path = Base.lproj/LaunchScreen.storyboard; sourceTree = "<group>"; };
		97464E2C2AA4DD5900A247A9 /* Info.plist */ = {isa = PBXFileReference; lastKnownFileType = text.plist.xml; path = Info.plist; sourceTree = "<group>"; };
		97464E312AA4DD5900A247A9 /* iOSCoreData-Part1Tests.xctest */ = {isa = PBXFileReference; explicitFileType = wrapper.cfbundle; includeInIndex = 0; path = "iOSCoreData-Part1Tests.xctest"; sourceTree = BUILT_PRODUCTS_DIR; };
		97464E352AA4DD5900A247A9 /* iOSCoreData_Part1Tests.swift */ = {isa = PBXFileReference; lastKnownFileType = sourcecode.swift; path = iOSCoreData_Part1Tests.swift; sourceTree = "<group>"; };
		97464E3B2AA4DD5900A247A9 /* iOSCoreData-Part1UITests.xctest */ = {isa = PBXFileReference; explicitFileType = wrapper.cfbundle; includeInIndex = 0; path = "iOSCoreData-Part1UITests.xctest"; sourceTree = BUILT_PRODUCTS_DIR; };
		97464E3F2AA4DD5900A247A9 /* iOSCoreData_Part1UITests.swift */ = {isa = PBXFileReference; lastKnownFileType = sourcecode.swift; path = iOSCoreData_Part1UITests.swift; sourceTree = "<group>"; };
		97464E412AA4DD5900A247A9 /* iOSCoreData_Part1UITestsLaunchTests.swift */ = {isa = PBXFileReference; lastKnownFileType = sourcecode.swift; path = iOSCoreData_Part1UITestsLaunchTests.swift; sourceTree = "<group>"; };
		97464E532AA4DF5900A247A9 /* NavigationHandler.swift */ = {isa = PBXFileReference; lastKnownFileType = sourcecode.swift; path = NavigationHandler.swift; sourceTree = "<group>"; };
		97464E552AA4DF8300A247A9 /* Contants.swift */ = {isa = PBXFileReference; lastKnownFileType = sourcecode.swift; path = Contants.swift; sourceTree = "<group>"; };
		97464E572AA4DFD200A247A9 /* TabBarController.swift */ = {isa = PBXFileReference; lastKnownFileType = sourcecode.swift; path = TabBarController.swift; sourceTree = "<group>"; };
		97464E592AA4E0C000A247A9 /* Info */ = {isa = PBXFileReference; lastKnownFileType = text; path = Info; sourceTree = "<group>"; };
		97464E5B2AA4E15900A247A9 /* BaseVC.swift */ = {isa = PBXFileReference; lastKnownFileType = sourcecode.swift; path = BaseVC.swift; sourceTree = "<group>"; };
		97464E5D2AA4E21900A247A9 /* User.swift */ = {isa = PBXFileReference; lastKnownFileType = sourcecode.swift; path = User.swift; sourceTree = "<group>"; };
		97464E5F2AA4E53D00A247A9 /* InboxVC.swift */ = {isa = PBXFileReference; lastKnownFileType = sourcecode.swift; path = InboxVC.swift; sourceTree = "<group>"; };
		97464E612AA4E59200A247A9 /* SentVC.swift */ = {isa = PBXFileReference; lastKnownFileType = sourcecode.swift; path = SentVC.swift; sourceTree = "<group>"; };
		975D608C2AA6CFEB004F286A /* RegisterVC.swift */ = {isa = PBXFileReference; lastKnownFileType = sourcecode.swift; path = RegisterVC.swift; sourceTree = "<group>"; };
		975D608E2AA6D85B004F286A /* AppHandler.swift */ = {isa = PBXFileReference; lastKnownFileType = sourcecode.swift; path = AppHandler.swift; sourceTree = "<group>"; };
		975D60902AA6DDBA004F286A /* SendEmailVC.swift */ = {isa = PBXFileReference; lastKnownFileType = sourcecode.swift; path = SendEmailVC.swift; sourceTree = "<group>"; };
/* End PBXFileReference section */

/* Begin PBXFrameworksBuildPhase section */
		97464E182AA4DD5800A247A9 /* Frameworks */ = {
			isa = PBXFrameworksBuildPhase;
			buildActionMask = 2147483647;
			files = (
			);
			runOnlyForDeploymentPostprocessing = 0;
		};
		97464E2E2AA4DD5900A247A9 /* Frameworks */ = {
			isa = PBXFrameworksBuildPhase;
			buildActionMask = 2147483647;
			files = (
			);
			runOnlyForDeploymentPostprocessing = 0;
		};
		97464E382AA4DD5900A247A9 /* Frameworks */ = {
			isa = PBXFrameworksBuildPhase;
			buildActionMask = 2147483647;
			files = (
			);
			runOnlyForDeploymentPostprocessing = 0;
		};
/* End PBXFrameworksBuildPhase section */

/* Begin PBXGroup section */
		97462F8C2AA58EE70075BA8E /* CoreData */ = {
			isa = PBXGroup;
			children = (
				97462F8F2AA60D1F0075BA8E /* CoreData.xcdatamodeld */,
				97462F8D2AA58F520075BA8E /* PersistentStorage.swift */,
			);
			path = CoreData;
			sourceTree = "<group>";
		};
		97464E122AA4DD5800A247A9 = {
			isa = PBXGroup;
			children = (
				97464E1D2AA4DD5800A247A9 /* iOSCoreData-Part1 */,
				97464E342AA4DD5900A247A9 /* iOSCoreData-Part1Tests */,
				97464E3E2AA4DD5900A247A9 /* iOSCoreData-Part1UITests */,
				97464E1C2AA4DD5800A247A9 /* Products */,
			);
			sourceTree = "<group>";
		};
		97464E1C2AA4DD5800A247A9 /* Products */ = {
			isa = PBXGroup;
			children = (
				97464E1B2AA4DD5800A247A9 /* iOSCoreData-Part1.app */,
				97464E312AA4DD5900A247A9 /* iOSCoreData-Part1Tests.xctest */,
				97464E3B2AA4DD5900A247A9 /* iOSCoreData-Part1UITests.xctest */,
			);
			name = Products;
			sourceTree = "<group>";
		};
		97464E1D2AA4DD5800A247A9 /* iOSCoreData-Part1 */ = {
			isa = PBXGroup;
			children = (
				97462F8C2AA58EE70075BA8E /* CoreData */,
				97464E522AA4DECE00A247A9 /* ViewController */,
				97464E512AA4DEA800A247A9 /* Utility */,
				97464E502AA4DE9500A247A9 /* Handler */,
				97464E4F2AA4DE8100A247A9 /* Storyboard */,
				97464E4E2AA4DE7900A247A9 /* Modal */,
				97464E1E2AA4DD5800A247A9 /* AppDelegate.swift */,
				97464E202AA4DD5800A247A9 /* SceneDelegate.swift */,
				97464E272AA4DD5900A247A9 /* Assets.xcassets */,
				97464E2C2AA4DD5900A247A9 /* Info.plist */,
			);
			path = "iOSCoreData-Part1";
			sourceTree = "<group>";
		};
		97464E342AA4DD5900A247A9 /* iOSCoreData-Part1Tests */ = {
			isa = PBXGroup;
			children = (
				97464E352AA4DD5900A247A9 /* iOSCoreData_Part1Tests.swift */,
			);
			path = "iOSCoreData-Part1Tests";
			sourceTree = "<group>";
		};
		97464E3E2AA4DD5900A247A9 /* iOSCoreData-Part1UITests */ = {
			isa = PBXGroup;
			children = (
				97464E3F2AA4DD5900A247A9 /* iOSCoreData_Part1UITests.swift */,
				97464E412AA4DD5900A247A9 /* iOSCoreData_Part1UITestsLaunchTests.swift */,
			);
			path = "iOSCoreData-Part1UITests";
			sourceTree = "<group>";
		};
		97464E4E2AA4DE7900A247A9 /* Modal */ = {
			isa = PBXGroup;
			children = (
				97464E5D2AA4E21900A247A9 /* User.swift */,
			);
			path = Modal;
			sourceTree = "<group>";
		};
		97464E4F2AA4DE8100A247A9 /* Storyboard */ = {
			isa = PBXGroup;
			children = (
				97464E242AA4DD5800A247A9 /* Main.storyboard */,
				97464E292AA4DD5900A247A9 /* LaunchScreen.storyboard */,
			);
			path = Storyboard;
			sourceTree = "<group>";
		};
		97464E502AA4DE9500A247A9 /* Handler */ = {
			isa = PBXGroup;
			children = (
				97464E532AA4DF5900A247A9 /* NavigationHandler.swift */,
				97462F922AA612500075BA8E /* KeychainHandler.swift */,
				975D608E2AA6D85B004F286A /* AppHandler.swift */,
			);
			path = Handler;
			sourceTree = "<group>";
		};
		97464E512AA4DEA800A247A9 /* Utility */ = {
			isa = PBXGroup;
			children = (
				97464E552AA4DF8300A247A9 /* Contants.swift */,
				97464E592AA4E0C000A247A9 /* Info */,
			);
			path = Utility;
			sourceTree = "<group>";
		};
		97464E522AA4DECE00A247A9 /* ViewController */ = {
			isa = PBXGroup;
			children = (
				97464E5B2AA4E15900A247A9 /* BaseVC.swift */,
				97464E222AA4DD5800A247A9 /* LoginVC.swift */,
				97464E572AA4DFD200A247A9 /* TabBarController.swift */,
				97464E5F2AA4E53D00A247A9 /* InboxVC.swift */,
				97464E612AA4E59200A247A9 /* SentVC.swift */,
				975D608C2AA6CFEB004F286A /* RegisterVC.swift */,
				975D60902AA6DDBA004F286A /* SendEmailVC.swift */,
			);
			path = ViewController;
			sourceTree = "<group>";
		};
/* End PBXGroup section */

/* Begin PBXNativeTarget section */
		97464E1A2AA4DD5800A247A9 /* iOSCoreData-Part1 */ = {
			isa = PBXNativeTarget;
			buildConfigurationList = 97464E452AA4DD5900A247A9 /* Build configuration list for PBXNativeTarget "iOSCoreData-Part1" */;
			buildPhases = (
				97464E172AA4DD5800A247A9 /* Sources */,
				97464E182AA4DD5800A247A9 /* Frameworks */,
				97464E192AA4DD5800A247A9 /* Resources */,
			);
			buildRules = (
			);
			dependencies = (
			);
			name = "iOSCoreData-Part1";
			productName = "iOSCoreData-Part1";
			productReference = 97464E1B2AA4DD5800A247A9 /* iOSCoreData-Part1.app */;
			productType = "com.apple.product-type.application";
		};
		97464E302AA4DD5900A247A9 /* iOSCoreData-Part1Tests */ = {
			isa = PBXNativeTarget;
			buildConfigurationList = 97464E482AA4DD5900A247A9 /* Build configuration list for PBXNativeTarget "iOSCoreData-Part1Tests" */;
			buildPhases = (
				97464E2D2AA4DD5900A247A9 /* Sources */,
				97464E2E2AA4DD5900A247A9 /* Frameworks */,
				97464E2F2AA4DD5900A247A9 /* Resources */,
			);
			buildRules = (
			);
			dependencies = (
				97464E332AA4DD5900A247A9 /* PBXTargetDependency */,
			);
			name = "iOSCoreData-Part1Tests";
			productName = "iOSCoreData-Part1Tests";
			productReference = 97464E312AA4DD5900A247A9 /* iOSCoreData-Part1Tests.xctest */;
			productType = "com.apple.product-type.bundle.unit-test";
		};
		97464E3A2AA4DD5900A247A9 /* iOSCoreData-Part1UITests */ = {
			isa = PBXNativeTarget;
			buildConfigurationList = 97464E4B2AA4DD5900A247A9 /* Build configuration list for PBXNativeTarget "iOSCoreData-Part1UITests" */;
			buildPhases = (
				97464E372AA4DD5900A247A9 /* Sources */,
				97464E382AA4DD5900A247A9 /* Frameworks */,
				97464E392AA4DD5900A247A9 /* Resources */,
			);
			buildRules = (
			);
			dependencies = (
				97464E3D2AA4DD5900A247A9 /* PBXTargetDependency */,
			);
			name = "iOSCoreData-Part1UITests";
			productName = "iOSCoreData-Part1UITests";
			productReference = 97464E3B2AA4DD5900A247A9 /* iOSCoreData-Part1UITests.xctest */;
			productType = "com.apple.product-type.bundle.ui-testing";
		};
/* End PBXNativeTarget section */

/* Begin PBXProject section */
		97464E132AA4DD5800A247A9 /* Project object */ = {
			isa = PBXProject;
			attributes = {
				BuildIndependentTargetsInParallel = 1;
				LastSwiftUpdateCheck = 1430;
				LastUpgradeCheck = 1430;
				TargetAttributes = {
					97464E1A2AA4DD5800A247A9 = {
						CreatedOnToolsVersion = 14.3.1;
					};
					97464E302AA4DD5900A247A9 = {
						CreatedOnToolsVersion = 14.3.1;
						TestTargetID = 97464E1A2AA4DD5800A247A9;
					};
					97464E3A2AA4DD5900A247A9 = {
						CreatedOnToolsVersion = 14.3.1;
						TestTargetID = 97464E1A2AA4DD5800A247A9;
					};
				};
			};
			buildConfigurationList = 97464E162AA4DD5800A247A9 /* Build configuration list for PBXProject "iOSCoreData-Part1" */;
			compatibilityVersion = "Xcode 14.0";
			developmentRegion = en;
			hasScannedForEncodings = 0;
			knownRegions = (
				en,
				Base,
			);
			mainGroup = 97464E122AA4DD5800A247A9;
			productRefGroup = 97464E1C2AA4DD5800A247A9 /* Products */;
			projectDirPath = "";
			projectRoot = "";
			targets = (
				97464E1A2AA4DD5800A247A9 /* iOSCoreData-Part1 */,
				97464E302AA4DD5900A247A9 /* iOSCoreData-Part1Tests */,
				97464E3A2AA4DD5900A247A9 /* iOSCoreData-Part1UITests */,
			);
		};
/* End PBXProject section */

/* Begin PBXResourcesBuildPhase section */
		97464E192AA4DD5800A247A9 /* Resources */ = {
			isa = PBXResourcesBuildPhase;
			buildActionMask = 2147483647;
			files = (
				97464E5A2AA4E0C000A247A9 /* Info in Resources */,
				97464E2B2AA4DD5900A247A9 /* LaunchScreen.storyboard in Resources */,
				97464E282AA4DD5900A247A9 /* Assets.xcassets in Resources */,
				97464E262AA4DD5800A247A9 /* Main.storyboard in Resources */,
			);
			runOnlyForDeploymentPostprocessing = 0;
		};
		97464E2F2AA4DD5900A247A9 /* Resources */ = {
			isa = PBXResourcesBuildPhase;
			buildActionMask = 2147483647;
			files = (
			);
			runOnlyForDeploymentPostprocessing = 0;
		};
		97464E392AA4DD5900A247A9 /* Resources */ = {
			isa = PBXResourcesBuildPhase;
			buildActionMask = 2147483647;
			files = (
			);
			runOnlyForDeploymentPostprocessing = 0;
		};
/* End PBXResourcesBuildPhase section */

/* Begin PBXSourcesBuildPhase section */
		97464E172AA4DD5800A247A9 /* Sources */ = {
			isa = PBXSourcesBuildPhase;
			buildActionMask = 2147483647;
			files = (
				97464E602AA4E53D00A247A9 /* InboxVC.swift in Sources */,
				97464E542AA4DF5900A247A9 /* NavigationHandler.swift in Sources */,
				97464E622AA4E59200A247A9 /* SentVC.swift in Sources */,
				97462F8E2AA58F520075BA8E /* PersistentStorage.swift in Sources */,
				97464E232AA4DD5800A247A9 /* LoginVC.swift in Sources */,
				97464E562AA4DF8300A247A9 /* Contants.swift in Sources */,
				975D608F2AA6D85B004F286A /* AppHandler.swift in Sources */,
				975D60912AA6DDBA004F286A /* SendEmailVC.swift in Sources */,
				97464E582AA4DFD200A247A9 /* TabBarController.swift in Sources */,
				97464E5E2AA4E21900A247A9 /* User.swift in Sources */,
				97462F932AA612500075BA8E /* KeychainHandler.swift in Sources */,
				97462F912AA60D1F0075BA8E /* CoreData.xcdatamodeld in Sources */,
				97464E1F2AA4DD5800A247A9 /* AppDelegate.swift in Sources */,
				975D608D2AA6CFEB004F286A /* RegisterVC.swift in Sources */,
				97464E5C2AA4E15900A247A9 /* BaseVC.swift in Sources */,
				97464E212AA4DD5800A247A9 /* SceneDelegate.swift in Sources */,
			);
			runOnlyForDeploymentPostprocessing = 0;
		};
		97464E2D2AA4DD5900A247A9 /* Sources */ = {
			isa = PBXSourcesBuildPhase;
			buildActionMask = 2147483647;
			files = (
				97464E362AA4DD5900A247A9 /* iOSCoreData_Part1Tests.swift in Sources */,
			);
			runOnlyForDeploymentPostprocessing = 0;
		};
		97464E372AA4DD5900A247A9 /* Sources */ = {
			isa = PBXSourcesBuildPhase;
			buildActionMask = 2147483647;
			files = (
				97464E422AA4DD5900A247A9 /* iOSCoreData_Part1UITestsLaunchTests.swift in Sources */,
				97464E402AA4DD5900A247A9 /* iOSCoreData_Part1UITests.swift in Sources */,
			);
			runOnlyForDeploymentPostprocessing = 0;
		};
/* End PBXSourcesBuildPhase section */

/* Begin PBXTargetDependency section */
		97464E332AA4DD5900A247A9 /* PBXTargetDependency */ = {
			isa = PBXTargetDependency;
			target = 97464E1A2AA4DD5800A247A9 /* iOSCoreData-Part1 */;
			targetProxy = 97464E322AA4DD5900A247A9 /* PBXContainerItemProxy */;
		};
		97464E3D2AA4DD5900A247A9 /* PBXTargetDependency */ = {
			isa = PBXTargetDependency;
			target = 97464E1A2AA4DD5800A247A9 /* iOSCoreData-Part1 */;
			targetProxy = 97464E3C2AA4DD5900A247A9 /* PBXContainerItemProxy */;
		};
/* End PBXTargetDependency section */

/* Begin PBXVariantGroup section */
		97464E242AA4DD5800A247A9 /* Main.storyboard */ = {
			isa = PBXVariantGroup;
			children = (
				97464E252AA4DD5800A247A9 /* Base */,
			);
			name = Main.storyboard;
			sourceTree = "<group>";
		};
		97464E292AA4DD5900A247A9 /* LaunchScreen.storyboard */ = {
			isa = PBXVariantGroup;
			children = (
				97464E2A2AA4DD5900A247A9 /* Base */,
			);
			name = LaunchScreen.storyboard;
			sourceTree = "<group>";
		};
/* End PBXVariantGroup section */

/* Begin XCBuildConfiguration section */
		97464E432AA4DD5900A247A9 /* Debug */ = {
			isa = XCBuildConfiguration;
			buildSettings = {
				ALWAYS_SEARCH_USER_PATHS = NO;
				CLANG_ANALYZER_NONNULL = YES;
				CLANG_ANALYZER_NUMBER_OBJECT_CONVERSION = YES_AGGRESSIVE;
				CLANG_CXX_LANGUAGE_STANDARD = "gnu++20";
				CLANG_ENABLE_MODULES = YES;
				CLANG_ENABLE_OBJC_ARC = YES;
				CLANG_ENABLE_OBJC_WEAK = YES;
				CLANG_WARN_BLOCK_CAPTURE_AUTORELEASING = YES;
				CLANG_WARN_BOOL_CONVERSION = YES;
				CLANG_WARN_COMMA = YES;
				CLANG_WARN_CONSTANT_CONVERSION = YES;
				CLANG_WARN_DEPRECATED_OBJC_IMPLEMENTATIONS = YES;
				CLANG_WARN_DIRECT_OBJC_ISA_USAGE = YES_ERROR;
				CLANG_WARN_DOCUMENTATION_COMMENTS = YES;
				CLANG_WARN_EMPTY_BODY = YES;
				CLANG_WARN_ENUM_CONVERSION = YES;
				CLANG_WARN_INFINITE_RECURSION = YES;
				CLANG_WARN_INT_CONVERSION = YES;
				CLANG_WARN_NON_LITERAL_NULL_CONVERSION = YES;
				CLANG_WARN_OBJC_IMPLICIT_RETAIN_SELF = YES;
				CLANG_WARN_OBJC_LITERAL_CONVERSION = YES;
				CLANG_WARN_OBJC_ROOT_CLASS = YES_ERROR;
				CLANG_WARN_QUOTED_INCLUDE_IN_FRAMEWORK_HEADER = YES;
				CLANG_WARN_RANGE_LOOP_ANALYSIS = YES;
				CLANG_WARN_STRICT_PROTOTYPES = YES;
				CLANG_WARN_SUSPICIOUS_MOVE = YES;
				CLANG_WARN_UNGUARDED_AVAILABILITY = YES_AGGRESSIVE;
				CLANG_WARN_UNREACHABLE_CODE = YES;
				CLANG_WARN__DUPLICATE_METHOD_MATCH = YES;
				COPY_PHASE_STRIP = NO;
				DEBUG_INFORMATION_FORMAT = dwarf;
				ENABLE_STRICT_OBJC_MSGSEND = YES;
				ENABLE_TESTABILITY = YES;
				GCC_C_LANGUAGE_STANDARD = gnu11;
				GCC_DYNAMIC_NO_PIC = NO;
				GCC_NO_COMMON_BLOCKS = YES;
				GCC_OPTIMIZATION_LEVEL = 0;
				GCC_PREPROCESSOR_DEFINITIONS = (
					"DEBUG=1",
					"$(inherited)",
				);
				GCC_WARN_64_TO_32_BIT_CONVERSION = YES;
				GCC_WARN_ABOUT_RETURN_TYPE = YES_ERROR;
				GCC_WARN_UNDECLARED_SELECTOR = YES;
				GCC_WARN_UNINITIALIZED_AUTOS = YES_AGGRESSIVE;
				GCC_WARN_UNUSED_FUNCTION = YES;
				GCC_WARN_UNUSED_VARIABLE = YES;
				IPHONEOS_DEPLOYMENT_TARGET = 16.4;
				MTL_ENABLE_DEBUG_INFO = INCLUDE_SOURCE;
				MTL_FAST_MATH = YES;
				ONLY_ACTIVE_ARCH = YES;
				SDKROOT = iphoneos;
				SWIFT_ACTIVE_COMPILATION_CONDITIONS = DEBUG;
				SWIFT_OPTIMIZATION_LEVEL = "-Onone";
			};
			name = Debug;
		};
		97464E442AA4DD5900A247A9 /* Release */ = {
			isa = XCBuildConfiguration;
			buildSettings = {
				ALWAYS_SEARCH_USER_PATHS = NO;
				CLANG_ANALYZER_NONNULL = YES;
				CLANG_ANALYZER_NUMBER_OBJECT_CONVERSION = YES_AGGRESSIVE;
				CLANG_CXX_LANGUAGE_STANDARD = "gnu++20";
				CLANG_ENABLE_MODULES = YES;
				CLANG_ENABLE_OBJC_ARC = YES;
				CLANG_ENABLE_OBJC_WEAK = YES;
				CLANG_WARN_BLOCK_CAPTURE_AUTORELEASING = YES;
				CLANG_WARN_BOOL_CONVERSION = YES;
				CLANG_WARN_COMMA = YES;
				CLANG_WARN_CONSTANT_CONVERSION = YES;
				CLANG_WARN_DEPRECATED_OBJC_IMPLEMENTATIONS = YES;
				CLANG_WARN_DIRECT_OBJC_ISA_USAGE = YES_ERROR;
				CLANG_WARN_DOCUMENTATION_COMMENTS = YES;
				CLANG_WARN_EMPTY_BODY = YES;
				CLANG_WARN_ENUM_CONVERSION = YES;
				CLANG_WARN_INFINITE_RECURSION = YES;
				CLANG_WARN_INT_CONVERSION = YES;
				CLANG_WARN_NON_LITERAL_NULL_CONVERSION = YES;
				CLANG_WARN_OBJC_IMPLICIT_RETAIN_SELF = YES;
				CLANG_WARN_OBJC_LITERAL_CONVERSION = YES;
				CLANG_WARN_OBJC_ROOT_CLASS = YES_ERROR;
				CLANG_WARN_QUOTED_INCLUDE_IN_FRAMEWORK_HEADER = YES;
				CLANG_WARN_RANGE_LOOP_ANALYSIS = YES;
				CLANG_WARN_STRICT_PROTOTYPES = YES;
				CLANG_WARN_SUSPICIOUS_MOVE = YES;
				CLANG_WARN_UNGUARDED_AVAILABILITY = YES_AGGRESSIVE;
				CLANG_WARN_UNREACHABLE_CODE = YES;
				CLANG_WARN__DUPLICATE_METHOD_MATCH = YES;
				COPY_PHASE_STRIP = NO;
				DEBUG_INFORMATION_FORMAT = "dwarf-with-dsym";
				ENABLE_NS_ASSERTIONS = NO;
				ENABLE_STRICT_OBJC_MSGSEND = YES;
				GCC_C_LANGUAGE_STANDARD = gnu11;
				GCC_NO_COMMON_BLOCKS = YES;
				GCC_WARN_64_TO_32_BIT_CONVERSION = YES;
				GCC_WARN_ABOUT_RETURN_TYPE = YES_ERROR;
				GCC_WARN_UNDECLARED_SELECTOR = YES;
				GCC_WARN_UNINITIALIZED_AUTOS = YES_AGGRESSIVE;
				GCC_WARN_UNUSED_FUNCTION = YES;
				GCC_WARN_UNUSED_VARIABLE = YES;
				IPHONEOS_DEPLOYMENT_TARGET = 16.4;
				MTL_ENABLE_DEBUG_INFO = NO;
				MTL_FAST_MATH = YES;
				SDKROOT = iphoneos;
				SWIFT_COMPILATION_MODE = wholemodule;
				SWIFT_OPTIMIZATION_LEVEL = "-O";
				VALIDATE_PRODUCT = YES;
			};
			name = Release;
		};
		97464E462AA4DD5900A247A9 /* Debug */ = {
			isa = XCBuildConfiguration;
			buildSettings = {
				ASSETCATALOG_COMPILER_APPICON_NAME = AppIcon;
				ASSETCATALOG_COMPILER_GLOBAL_ACCENT_COLOR_NAME = AccentColor;
				CODE_SIGN_STYLE = Automatic;
				CURRENT_PROJECT_VERSION = 1;
				DEVELOPMENT_TEAM = MR2ZBRMX7N;
				GENERATE_INFOPLIST_FILE = YES;
				INFOPLIST_FILE = "iOSCoreData-Part1/Info.plist";
				INFOPLIST_KEY_UIApplicationSupportsIndirectInputEvents = YES;
				INFOPLIST_KEY_UILaunchStoryboardName = LaunchScreen;
				INFOPLIST_KEY_UIMainStoryboardFile = Main;
				INFOPLIST_KEY_UISupportedInterfaceOrientations_iPad = "UIInterfaceOrientationPortrait UIInterfaceOrientationPortraitUpsideDown UIInterfaceOrientationLandscapeLeft UIInterfaceOrientationLandscapeRight";
				INFOPLIST_KEY_UISupportedInterfaceOrientations_iPhone = "UIInterfaceOrientationPortrait UIInterfaceOrientationLandscapeLeft UIInterfaceOrientationLandscapeRight";
				LD_RUNPATH_SEARCH_PATHS = (
					"$(inherited)",
					"@executable_path/Frameworks",
				);
				MARKETING_VERSION = 1.0;
				PRODUCT_BUNDLE_IDENTIFIER = "com.chronelab.iOSCoreData-Part1";
				PRODUCT_NAME = "$(TARGET_NAME)";
				SWIFT_EMIT_LOC_STRINGS = YES;
				SWIFT_VERSION = 5.0;
				TARGETED_DEVICE_FAMILY = "1,2";
			};
			name = Debug;
		};
		97464E472AA4DD5900A247A9 /* Release */ = {
			isa = XCBuildConfiguration;
			buildSettings = {
				ASSETCATALOG_COMPILER_APPICON_NAME = AppIcon;
				ASSETCATALOG_COMPILER_GLOBAL_ACCENT_COLOR_NAME = AccentColor;
				CODE_SIGN_STYLE = Automatic;
				CURRENT_PROJECT_VERSION = 1;
				DEVELOPMENT_TEAM = MR2ZBRMX7N;
				GENERATE_INFOPLIST_FILE = YES;
				INFOPLIST_FILE = "iOSCoreData-Part1/Info.plist";
				INFOPLIST_KEY_UIApplicationSupportsIndirectInputEvents = YES;
				INFOPLIST_KEY_UILaunchStoryboardName = LaunchScreen;
				INFOPLIST_KEY_UIMainStoryboardFile = Main;
				INFOPLIST_KEY_UISupportedInterfaceOrientations_iPad = "UIInterfaceOrientationPortrait UIInterfaceOrientationPortraitUpsideDown UIInterfaceOrientationLandscapeLeft UIInterfaceOrientationLandscapeRight";
				INFOPLIST_KEY_UISupportedInterfaceOrientations_iPhone = "UIInterfaceOrientationPortrait UIInterfaceOrientationLandscapeLeft UIInterfaceOrientationLandscapeRight";
				LD_RUNPATH_SEARCH_PATHS = (
					"$(inherited)",
					"@executable_path/Frameworks",
				);
				MARKETING_VERSION = 1.0;
				PRODUCT_BUNDLE_IDENTIFIER = "com.chronelab.iOSCoreData-Part1";
				PRODUCT_NAME = "$(TARGET_NAME)";
				SWIFT_EMIT_LOC_STRINGS = YES;
				SWIFT_VERSION = 5.0;
				TARGETED_DEVICE_FAMILY = "1,2";
			};
			name = Release;
		};
		97464E492AA4DD5900A247A9 /* Debug */ = {
			isa = XCBuildConfiguration;
			buildSettings = {
				ALWAYS_EMBED_SWIFT_STANDARD_LIBRARIES = YES;
				BUNDLE_LOADER = "$(TEST_HOST)";
				CODE_SIGN_STYLE = Automatic;
				CURRENT_PROJECT_VERSION = 1;
				DEVELOPMENT_TEAM = MR2ZBRMX7N;
				GENERATE_INFOPLIST_FILE = YES;
				IPHONEOS_DEPLOYMENT_TARGET = 16.4;
				MARKETING_VERSION = 1.0;
				PRODUCT_BUNDLE_IDENTIFIER = "com.chronelab.iOSCoreData-Part1Tests";
				PRODUCT_NAME = "$(TARGET_NAME)";
				SWIFT_EMIT_LOC_STRINGS = NO;
				SWIFT_VERSION = 5.0;
				TARGETED_DEVICE_FAMILY = "1,2";
				TEST_HOST = "$(BUILT_PRODUCTS_DIR)/iOSCoreData-Part1.app/$(BUNDLE_EXECUTABLE_FOLDER_PATH)/iOSCoreData-Part1";
			};
			name = Debug;
		};
		97464E4A2AA4DD5900A247A9 /* Release */ = {
			isa = XCBuildConfiguration;
			buildSettings = {
				ALWAYS_EMBED_SWIFT_STANDARD_LIBRARIES = YES;
				BUNDLE_LOADER = "$(TEST_HOST)";
				CODE_SIGN_STYLE = Automatic;
				CURRENT_PROJECT_VERSION = 1;
				DEVELOPMENT_TEAM = MR2ZBRMX7N;
				GENERATE_INFOPLIST_FILE = YES;
				IPHONEOS_DEPLOYMENT_TARGET = 16.4;
				MARKETING_VERSION = 1.0;
				PRODUCT_BUNDLE_IDENTIFIER = "com.chronelab.iOSCoreData-Part1Tests";
				PRODUCT_NAME = "$(TARGET_NAME)";
				SWIFT_EMIT_LOC_STRINGS = NO;
				SWIFT_VERSION = 5.0;
				TARGETED_DEVICE_FAMILY = "1,2";
				TEST_HOST = "$(BUILT_PRODUCTS_DIR)/iOSCoreData-Part1.app/$(BUNDLE_EXECUTABLE_FOLDER_PATH)/iOSCoreData-Part1";
			};
			name = Release;
		};
		97464E4C2AA4DD5900A247A9 /* Debug */ = {
			isa = XCBuildConfiguration;
			buildSettings = {
				ALWAYS_EMBED_SWIFT_STANDARD_LIBRARIES = YES;
				CODE_SIGN_STYLE = Automatic;
				CURRENT_PROJECT_VERSION = 1;
				DEVELOPMENT_TEAM = MR2ZBRMX7N;
				GENERATE_INFOPLIST_FILE = YES;
				MARKETING_VERSION = 1.0;
				PRODUCT_BUNDLE_IDENTIFIER = "com.chronelab.iOSCoreData-Part1UITests";
				PRODUCT_NAME = "$(TARGET_NAME)";
				SWIFT_EMIT_LOC_STRINGS = NO;
				SWIFT_VERSION = 5.0;
				TARGETED_DEVICE_FAMILY = "1,2";
				TEST_TARGET_NAME = "iOSCoreData-Part1";
			};
			name = Debug;
		};
		97464E4D2AA4DD5900A247A9 /* Release */ = {
			isa = XCBuildConfiguration;
			buildSettings = {
				ALWAYS_EMBED_SWIFT_STANDARD_LIBRARIES = YES;
				CODE_SIGN_STYLE = Automatic;
				CURRENT_PROJECT_VERSION = 1;
				DEVELOPMENT_TEAM = MR2ZBRMX7N;
				GENERATE_INFOPLIST_FILE = YES;
				MARKETING_VERSION = 1.0;
				PRODUCT_BUNDLE_IDENTIFIER = "com.chronelab.iOSCoreData-Part1UITests";
				PRODUCT_NAME = "$(TARGET_NAME)";
				SWIFT_EMIT_LOC_STRINGS = NO;
				SWIFT_VERSION = 5.0;
				TARGETED_DEVICE_FAMILY = "1,2";
				TEST_TARGET_NAME = "iOSCoreData-Part1";
			};
			name = Release;
		};
/* End XCBuildConfiguration section */

/* Begin XCConfigurationList section */
		97464E162AA4DD5800A247A9 /* Build configuration list for PBXProject "iOSCoreData-Part1" */ = {
			isa = XCConfigurationList;
			buildConfigurations = (
				97464E432AA4DD5900A247A9 /* Debug */,
				97464E442AA4DD5900A247A9 /* Release */,
			);
			defaultConfigurationIsVisible = 0;
			defaultConfigurationName = Release;
		};
		97464E452AA4DD5900A247A9 /* Build configuration list for PBXNativeTarget "iOSCoreData-Part1" */ = {
			isa = XCConfigurationList;
			buildConfigurations = (
				97464E462AA4DD5900A247A9 /* Debug */,
				97464E472AA4DD5900A247A9 /* Release */,
			);
			defaultConfigurationIsVisible = 0;
			defaultConfigurationName = Release;
		};
		97464E482AA4DD5900A247A9 /* Build configuration list for PBXNativeTarget "iOSCoreData-Part1Tests" */ = {
			isa = XCConfigurationList;
			buildConfigurations = (
				97464E492AA4DD5900A247A9 /* Debug */,
				97464E4A2AA4DD5900A247A9 /* Release */,
			);
			defaultConfigurationIsVisible = 0;
			defaultConfigurationName = Release;
		};
		97464E4B2AA4DD5900A247A9 /* Build configuration list for PBXNativeTarget "iOSCoreData-Part1UITests" */ = {
			isa = XCConfigurationList;
			buildConfigurations = (
				97464E4C2AA4DD5900A247A9 /* Debug */,
				97464E4D2AA4DD5900A247A9 /* Release */,
			);
			defaultConfigurationIsVisible = 0;
			defaultConfigurationName = Release;
		};
/* End XCConfigurationList section */

/* Begin XCVersionGroup section */
		97462F8F2AA60D1F0075BA8E /* CoreData.xcdatamodeld */ = {
			isa = XCVersionGroup;
			children = (
				97462F902AA60D1F0075BA8E /* CoreData.xcdatamodel */,
			);
			currentVersion = 97462F902AA60D1F0075BA8E /* CoreData.xcdatamodel */;
			path = CoreData.xcdatamodeld;
			sourceTree = "<group>";
			versionGroupType = wrapper.xcdatamodel;
		};
/* End XCVersionGroup section */
	};
	rootObject = 97464E132AA4DD5800A247A9 /* Project object */;
}
